
Microsoft Visual Studio Solution File, Format Version 12.00
# Visual Studio Version 17
VisualStudioVersion = 17.10.35004.147
MinimumVisualStudioVersion = 10.0.40219.1
Project("{FAE04EC0-301F-11D3-BF4B-00C04F79EFBC}") = "Trabalho_Grafos", "Trabalho_Grafos\Trabalho_Grafos.csproj", "{5DEF03EF-13FA-41A6-BFF6-95751377EC08}"
EndProject
Global
	GlobalSection(SolutionConfigurationPlatforms) = preSolution
		Debug|Any CPU = Debug|Any CPU
		Release|Any CPU = Release|Any CPU
	EndGlobalSection
	GlobalSection(ProjectConfigurationPlatforms) = postSolution
		{5DEF03EF-13FA-41A6-BFF6-95751377EC08}.Debug|Any CPU.ActiveCfg = Debug|Any CPU
		{5DEF03EF-13FA-41A6-BFF6-95751377EC08}.Debug|Any CPU.Build.0 = Debug|Any CPU
		{5DEF03EF-13FA-41A6-BFF6-95751377EC08}.Release|Any CPU.ActiveCfg = Release|Any CPU
		{5DEF03EF-13FA-41A6-BFF6-95751377EC08}.Release|Any CPU.Build.0 = Release|Any CPU
	EndGlobalSection
	GlobalSection(SolutionProperties) = preSolution
		HideSolutionNode = FALSE
	EndGlobalSection
	GlobalSection(ExtensibilityGlobals) = postSolution
		SolutionGuid = {C999ED67-70D3-46AA-A319-E1D89C174F58}
	EndGlobalSection
EndGlobal
